lockfileVersion: '6.0'

settings:
  autoInstallPeers: true
  excludeLinksFromLockfile: false

dependencies:
  '@vercel/functions':
    specifier: ^1.5.0
    version: 1.5.0

packages:

  /@vercel/functions@1.5.0:
    resolution: {integrity: sha512-ub3ptVeOsx8UPgiTv9+rpQJqmF7VG8QIzguBZo0E0VRAyJliB8bt1ooB9Wrh3333dKzMNS8NMe3iFtf6OPUP3A==}
    engines: {node: '>= 16'}
    peerDependencies:
      '@aws-sdk/credential-provider-web-identity': '*'
    peerDependenciesMeta:
      '@aws-sdk/credential-provider-web-identity':
        optional: true
    dev: false
